
Microsoft Visual Studio Solution File, Format Version 12.00
# Visual Studio 15
VisualStudioVersion = 15.0.27428.2005
MinimumVisualStudioVersion = 10.0.40219.1
Project("{9A19103F-16F7-4668-BE54-9A1E7A4F7556}") = "webapiapp", "webapiapp.csproj", "{89554AED-78ED-4045-830F-A12F1278578E}"
EndProject
Global
	GlobalSection(SolutionConfigurationPlatforms) = preSolution
		Debug|Any CPU = Debug|Any CPU
		Release|Any CPU = Release|Any CPU
	EndGlobalSection
	GlobalSection(ProjectConfigurationPlatforms) = postSolution
		{89554AED-78ED-4045-830F-A12F1278578E}.Debug|Any CPU.ActiveCfg = Debug|Any CPU
		{89554AED-78ED-4045-830F-A12F1278578E}.Debug|Any CPU.Build.0 = Debug|Any CPU
		{89554AED-78ED-4045-830F-A12F1278578E}.Release|Any CPU.ActiveCfg = Release|Any CPU
		{89554AED-78ED-4045-830F-A12F1278578E}.Release|Any CPU.Build.0 = Release|Any CPU
	EndGlobalSection
	GlobalSection(SolutionProperties) = preSolution
		HideSolutionNode = FALSE
	EndGlobalSection
	GlobalSection(ExtensibilityGlobals) = postSolution
		SolutionGuid = {5419F9D8-570A-401A-96B1-11EC4230638F}
	EndGlobalSection
EndGlobal
